// !$*UTF8*$!
{
	archiveVersion = 1;
	classes = {
	};
	objectVersion = 52;
	objects = {

/* Begin PBXBuildFile section */
		582316F8257D6DDA00601F95 /* LandingView.swift in Sources */ = {isa = PBXBuildFile; fileRef = 582316F7257D6DDA00601F95 /* LandingView.swift */; };
		582316FD257D83F100601F95 /* LandingParentView.swift in Sources */ = {isa = PBXBuildFile; fileRef = 582316FC257D83F100601F95 /* LandingParentView.swift */; };
		58231702257D88B200601F95 /* SignUpView.swift in Sources */ = {isa = PBXBuildFile; fileRef = 58231701257D88B200601F95 /* SignUpView.swift */; };
		5832333B258703D8009185DF /* PortfolioView.swift in Sources */ = {isa = PBXBuildFile; fileRef = 5832333A258703D8009185DF /* PortfolioView.swift */; };
		5832334025870D09009185DF /* UIColorExtension.swift in Sources */ = {isa = PBXBuildFile; fileRef = 5832333F25870D09009185DF /* UIColorExtension.swift */; };
		58323353258735D9009185DF /* Coin.swift in Sources */ = {isa = PBXBuildFile; fileRef = 58323352258735D9009185DF /* Coin.swift */; };
		5832335825873633009185DF /* CoinItemView.swift in Sources */ = {isa = PBXBuildFile; fileRef = 5832335725873633009185DF /* CoinItemView.swift */; };
		589B0CA625950404002C8BA0 /* SQLite in Frameworks */ = {isa = PBXBuildFile; productRef = 589B0CA525950404002C8BA0 /* SQLite */; };
		589B0CAE259650E3002C8BA0 /* currencies.json in Resources */ = {isa = PBXBuildFile; fileRef = 589B0CAD259650E3002C8BA0 /* currencies.json */; };
		589B0CB625972095002C8BA0 /* Coins.swift in Sources */ = {isa = PBXBuildFile; fileRef = 589B0CB525972095002C8BA0 /* Coins.swift */; };
		58B86C1F257D456A0072782B /* CrypstockApp.swift in Sources */ = {isa = PBXBuildFile; fileRef = 58B86C1E257D456A0072782B /* CrypstockApp.swift */; };
		58B86C23257D456D0072782B /* Assets.xcassets in Resources */ = {isa = PBXBuildFile; fileRef = 58B86C22257D456D0072782B /* Assets.xcassets */; };
		58B86C26257D456D0072782B /* Preview Assets.xcassets in Resources */ = {isa = PBXBuildFile; fileRef = 58B86C25257D456D0072782B /* Preview Assets.xcassets */; };
		58B86C31257D456D0072782B /* CrypstockTests.swift in Sources */ = {isa = PBXBuildFile; fileRef = 58B86C30257D456D0072782B /* CrypstockTests.swift */; };
		58B86C3C257D456D0072782B /* CrypstockUITests.swift in Sources */ = {isa = PBXBuildFile; fileRef = 58B86C3B257D456D0072782B /* CrypstockUITests.swift */; };
		58B86C50257D46A70072782B /* SignInView.swift in Sources */ = {isa = PBXBuildFile; fileRef = 58B86C4F257D46A70072782B /* SignInView.swift */; };
		58EB45C22594FAA500D4556E /* User.swift in Sources */ = {isa = PBXBuildFile; fileRef = 58EB45C12594FAA500D4556E /* User.swift */; };
/* End PBXBuildFile section */

/* Begin PBXContainerItemProxy section */
		58B86C2D257D456D0072782B /* PBXContainerItemProxy */ = {
			isa = PBXContainerItemProxy;
			containerPortal = 58B86C13257D45690072782B /* Project object */;
			proxyType = 1;
			remoteGlobalIDString = 58B86C1A257D456A0072782B;
			remoteInfo = Crypstock;
		};
		58B86C38257D456D0072782B /* PBXContainerItemProxy */ = {
			isa = PBXContainerItemProxy;
			containerPortal = 58B86C13257D45690072782B /* Project object */;
			proxyType = 1;
			remoteGlobalIDString = 58B86C1A257D456A0072782B;
			remoteInfo = Crypstock;
		};
/* End PBXContainerItemProxy section */

/* Begin PBXFileReference section */
		582316F7257D6DDA00601F95 /* LandingView.swift */ = {isa = PBXFileReference; lastKnownFileType = sourcecode.swift; path = LandingView.swift; sourceTree = "<group>"; };
		582316FC257D83F100601F95 /* LandingParentView.swift */ = {isa = PBXFileReference; lastKnownFileType = sourcecode.swift; path = LandingParentView.swift; sourceTree = "<group>"; };
		58231701257D88B200601F95 /* SignUpView.swift */ = {isa = PBXFileReference; lastKnownFileType = sourcecode.swift; path = SignUpView.swift; sourceTree = "<group>"; };
		5832333A258703D8009185DF /* PortfolioView.swift */ = {isa = PBXFileReference; lastKnownFileType = sourcecode.swift; path = PortfolioView.swift; sourceTree = "<group>"; };
		5832333F25870D09009185DF /* UIColorExtension.swift */ = {isa = PBXFileReference; lastKnownFileType = sourcecode.swift; path = UIColorExtension.swift; sourceTree = "<group>"; };
		58323352258735D9009185DF /* Coin.swift */ = {isa = PBXFileReference; lastKnownFileType = sourcecode.swift; path = Coin.swift; sourceTree = "<group>"; };
		5832335725873633009185DF /* CoinItemView.swift */ = {isa = PBXFileReference; lastKnownFileType = sourcecode.swift; path = CoinItemView.swift; sourceTree = "<group>"; };
		589B0CAD259650E3002C8BA0 /* currencies.json */ = {isa = PBXFileReference; lastKnownFileType = text.json; name = currencies.json; path = Crypstock/currencies.json; sourceTree = SOURCE_ROOT; };
		589B0CB525972095002C8BA0 /* Coins.swift */ = {isa = PBXFileReference; lastKnownFileType = sourcecode.swift; path = Coins.swift; sourceTree = "<group>"; };
		58B86C1B257D456A0072782B /* Crypstock.app */ = {isa = PBXFileReference; explicitFileType = wrapper.application; includeInIndex = 0; path = Crypstock.app; sourceTree = BUILT_PRODUCTS_DIR; };
		58B86C1E257D456A0072782B /* CrypstockApp.swift */ = {isa = PBXFileReference; lastKnownFileType = sourcecode.swift; path = CrypstockApp.swift; sourceTree = "<group>"; };
		58B86C22257D456D0072782B /* Assets.xcassets */ = {isa = PBXFileReference; lastKnownFileType = folder.assetcatalog; path = Assets.xcassets; sourceTree = "<group>"; };
		58B86C25257D456D0072782B /* Preview Assets.xcassets */ = {isa = PBXFileReference; lastKnownFileType = folder.assetcatalog; path = "Preview Assets.xcassets"; sourceTree = "<group>"; };
		58B86C27257D456D0072782B /* Info.plist */ = {isa = PBXFileReference; lastKnownFileType = text.plist.xml; path = Info.plist; sourceTree = "<group>"; };
		58B86C2C257D456D0072782B /* CrypstockTests.xctest */ = {isa = PBXFileReference; explicitFileType = wrapper.cfbundle; includeInIndex = 0; path = CrypstockTests.xctest; sourceTree = BUILT_PRODUCTS_DIR; };
		58B86C30257D456D0072782B /* CrypstockTests.swift */ = {isa = PBXFileReference; lastKnownFileType = sourcecode.swift; path = CrypstockTests.swift; sourceTree = "<group>"; };
		58B86C32257D456D0072782B /* Info.plist */ = {isa = PBXFileReference; lastKnownFileType = text.plist.xml; path = Info.plist; sourceTree = "<group>"; };
		58B86C37257D456D0072782B /* CrypstockUITests.xctest */ = {isa = PBXFileReference; explicitFileType = wrapper.cfbundle; includeInIndex = 0; path = CrypstockUITests.xctest; sourceTree = BUILT_PRODUCTS_DIR; };
		58B86C3B257D456D0072782B /* CrypstockUITests.swift */ = {isa = PBXFileReference; lastKnownFileType = sourcecode.swift; path = CrypstockUITests.swift; sourceTree = "<group>"; };
		58B86C3D257D456D0072782B /* Info.plist */ = {isa = PBXFileReference; lastKnownFileType = text.plist.xml; path = Info.plist; sourceTree = "<group>"; };
		58B86C4F257D46A70072782B /* SignInView.swift */ = {isa = PBXFileReference; lastKnownFileType = sourcecode.swift; path = SignInView.swift; sourceTree = "<group>"; };
		58EB45C12594FAA500D4556E /* User.swift */ = {isa = PBXFileReference; lastKnownFileType = sourcecode.swift; path = User.swift; sourceTree = "<group>"; };
/* End PBXFileReference section */

/* Begin PBXFrameworksBuildPhase section */
		58B86C18257D456A0072782B /* Frameworks */ = {
			isa = PBXFrameworksBuildPhase;
			buildActionMask = 2147483647;
			files = (
				589B0CA625950404002C8BA0 /* SQLite in Frameworks */,
			);
			runOnlyForDeploymentPostprocessing = 0;
		};
		58B86C29257D456D0072782B /* Frameworks */ = {
			isa = PBXFrameworksBuildPhase;
			buildActionMask = 2147483647;
			files = (
			);
			runOnlyForDeploymentPostprocessing = 0;
		};
		58B86C34257D456D0072782B /* Frameworks */ = {
			isa = PBXFrameworksBuildPhase;
			buildActionMask = 2147483647;
			files = (
			);
			runOnlyForDeploymentPostprocessing = 0;
		};
/* End PBXFrameworksBuildPhase section */

/* Begin PBXGroup section */
		5832334525873577009185DF /* Views */ = {
			isa = PBXGroup;
			children = (
				58B86C4F257D46A70072782B /* SignInView.swift */,
				58231701257D88B200601F95 /* SignUpView.swift */,
				582316F7257D6DDA00601F95 /* LandingView.swift */,
				582316FC257D83F100601F95 /* LandingParentView.swift */,
				5832333A258703D8009185DF /* PortfolioView.swift */,
				5832335725873633009185DF /* CoinItemView.swift */,
			);
			path = Views;
			sourceTree = "<group>";
		};
		5832334C25873593009185DF /* Extensions */ = {
			isa = PBXGroup;
			children = (
				5832333F25870D09009185DF /* UIColorExtension.swift */,
			);
			path = Extensions;
			sourceTree = "<group>";
		};
		58B86C12257D45690072782B = {
			isa = PBXGroup;
			children = (
				58B86C1D257D456A0072782B /* Crypstock */,
				58B86C2F257D456D0072782B /* CrypstockTests */,
				58B86C3A257D456D0072782B /* CrypstockUITests */,
				58B86C1C257D456A0072782B /* Products */,
			);
			sourceTree = "<group>";
		};
		58B86C1C257D456A0072782B /* Products */ = {
			isa = PBXGroup;
			children = (
				58B86C1B257D456A0072782B /* Crypstock.app */,
				58B86C2C257D456D0072782B /* CrypstockTests.xctest */,
				58B86C37257D456D0072782B /* CrypstockUITests.xctest */,
			);
			name = Products;
			sourceTree = "<group>";
		};
		58B86C1D257D456A0072782B /* Crypstock */ = {
			isa = PBXGroup;
			children = (
				589B0CAD259650E3002C8BA0 /* currencies.json */,
				5832334C25873593009185DF /* Extensions */,
				58B86C1E257D456A0072782B /* CrypstockApp.swift */,
				58B86C22257D456D0072782B /* Assets.xcassets */,
				58B86C27257D456D0072782B /* Info.plist */,
				58B86C24257D456D0072782B /* Preview Content */,
				5832334525873577009185DF /* Views */,
				58323352258735D9009185DF /* Coin.swift */,
				58EB45C12594FAA500D4556E /* User.swift */,
				589B0CB525972095002C8BA0 /* Coins.swift */,
			);
			path = Crypstock;
			sourceTree = "<group>";
		};
		58B86C24257D456D0072782B /* Preview Content */ = {
			isa = PBXGroup;
			children = (
				58B86C25257D456D0072782B /* Preview Assets.xcassets */,
			);
			path = "Preview Content";
			sourceTree = "<group>";
		};
		58B86C2F257D456D0072782B /* CrypstockTests */ = {
			isa = PBXGroup;
			children = (
				58B86C30257D456D0072782B /* CrypstockTests.swift */,
				58B86C32257D456D0072782B /* Info.plist */,
			);
			path = CrypstockTests;
			sourceTree = "<group>";
		};
		58B86C3A257D456D0072782B /* CrypstockUITests */ = {
			isa = PBXGroup;
			children = (
				58B86C3B257D456D0072782B /* CrypstockUITests.swift */,
				58B86C3D257D456D0072782B /* Info.plist */,
			);
			path = CrypstockUITests;
			sourceTree = "<group>";
		};
/* End PBXGroup section */

/* Begin PBXNativeTarget section */
		58B86C1A257D456A0072782B /* Crypstock */ = {
			isa = PBXNativeTarget;
			buildConfigurationList = 58B86C40257D456D0072782B /* Build configuration list for PBXNativeTarget "Crypstock" */;
			buildPhases = (
				58B86C17257D456A0072782B /* Sources */,
				58B86C18257D456A0072782B /* Frameworks */,
				58B86C19257D456A0072782B /* Resources */,
			);
			buildRules = (
			);
			dependencies = (
			);
			name = Crypstock;
			packageProductDependencies = (
				589B0CA525950404002C8BA0 /* SQLite */,
			);
			productName = Crypstock;
			productReference = 58B86C1B257D456A0072782B /* Crypstock.app */;
			productType = "com.apple.product-type.application";
		};
		58B86C2B257D456D0072782B /* CrypstockTests */ = {
			isa = PBXNativeTarget;
			buildConfigurationList = 58B86C43257D456D0072782B /* Build configuration list for PBXNativeTarget "CrypstockTests" */;
			buildPhases = (
				58B86C28257D456D0072782B /* Sources */,
				58B86C29257D456D0072782B /* Frameworks */,
				58B86C2A257D456D0072782B /* Resources */,
			);
			buildRules = (
			);
			dependencies = (
				58B86C2E257D456D0072782B /* PBXTargetDependency */,
			);
			name = CrypstockTests;
			productName = CrypstockTests;
			productReference = 58B86C2C257D456D0072782B /* CrypstockTests.xctest */;
			productType = "com.apple.product-type.bundle.unit-test";
		};
		58B86C36257D456D0072782B /* CrypstockUITests */ = {
			isa = PBXNativeTarget;
			buildConfigurationList = 58B86C46257D456D0072782B /* Build configuration list for PBXNativeTarget "CrypstockUITests" */;
			buildPhases = (
				58B86C33257D456D0072782B /* Sources */,
				58B86C34257D456D0072782B /* Frameworks */,
				58B86C35257D456D0072782B /* Resources */,
			);
			buildRules = (
			);
			dependencies = (
				58B86C39257D456D0072782B /* PBXTargetDependency */,
			);
			name = CrypstockUITests;
			productName = CrypstockUITests;
			productReference = 58B86C37257D456D0072782B /* CrypstockUITests.xctest */;
			productType = "com.apple.product-type.bundle.ui-testing";
		};
/* End PBXNativeTarget section */

/* Begin PBXProject section */
		58B86C13257D45690072782B /* Project object */ = {
			isa = PBXProject;
			attributes = {
				LastSwiftUpdateCheck = 1220;
				LastUpgradeCheck = 1220;
				TargetAttributes = {
					58B86C1A257D456A0072782B = {
						CreatedOnToolsVersion = 12.2;
					};
					58B86C2B257D456D0072782B = {
						CreatedOnToolsVersion = 12.2;
						TestTargetID = 58B86C1A257D456A0072782B;
					};
					58B86C36257D456D0072782B = {
						CreatedOnToolsVersion = 12.2;
						TestTargetID = 58B86C1A257D456A0072782B;
					};
				};
			};
			buildConfigurationList = 58B86C16257D45690072782B /* Build configuration list for PBXProject "Crypstock" */;
			compatibilityVersion = "Xcode 9.3";
			developmentRegion = en;
			hasScannedForEncodings = 0;
			knownRegions = (
				en,
				Base,
			);
			mainGroup = 58B86C12257D45690072782B;
			packageReferences = (
				589B0CA425950404002C8BA0 /* XCRemoteSwiftPackageReference "SQLite.swift" */,
			);
			productRefGroup = 58B86C1C257D456A0072782B /* Products */;
			projectDirPath = "";
			projectRoot = "";
			targets = (
				58B86C1A257D456A0072782B /* Crypstock */,
				58B86C2B257D456D0072782B /* CrypstockTests */,
				58B86C36257D456D0072782B /* CrypstockUITests */,
			);
		};
/* End PBXProject section */

/* Begin PBXResourcesBuildPhase section */
		58B86C19257D456A0072782B /* Resources */ = {
			isa = PBXResourcesBuildPhase;
			buildActionMask = 2147483647;
			files = (
				58B86C26257D456D0072782B /* Preview Assets.xcassets in Resources */,
				58B86C23257D456D0072782B /* Assets.xcassets in Resources */,
				589B0CAE259650E3002C8BA0 /* currencies.json in Resources */,
			);
			runOnlyForDeploymentPostprocessing = 0;
		};
		58B86C2A257D456D0072782B /* Resources */ = {
			isa = PBXResourcesBuildPhase;
			buildActionMask = 2147483647;
			files = (
			);
			runOnlyForDeploymentPostprocessing = 0;
		};
		58B86C35257D456D0072782B /* Resources */ = {
			isa = PBXResourcesBuildPhase;
			buildActionMask = 2147483647;
			files = (
			);
			runOnlyForDeploymentPostprocessing = 0;
		};
/* End PBXResourcesBuildPhase section */

/* Begin PBXSourcesBuildPhase section */
		58B86C17257D456A0072782B /* Sources */ = {
			isa = PBXSourcesBuildPhase;
			buildActionMask = 2147483647;
			files = (
				582316FD257D83F100601F95 /* LandingParentView.swift in Sources */,
				5832334025870D09009185DF /* UIColorExtension.swift in Sources */,
				589B0CB625972095002C8BA0 /* Coins.swift in Sources */,
				5832333B258703D8009185DF /* PortfolioView.swift in Sources */,
				58231702257D88B200601F95 /* SignUpView.swift in Sources */,
				582316F8257D6DDA00601F95 /* LandingView.swift in Sources */,
				58B86C50257D46A70072782B /* SignInView.swift in Sources */,
				5832335825873633009185DF /* CoinItemView.swift in Sources */,
				58323353258735D9009185DF /* Coin.swift in Sources */,
				58EB45C22594FAA500D4556E /* User.swift in Sources */,
				58B86C1F257D456A0072782B /* CrypstockApp.swift in Sources */,
			);
			runOnlyForDeploymentPostprocessing = 0;
		};
		58B86C28257D456D0072782B /* Sources */ = {
			isa = PBXSourcesBuildPhase;
			buildActionMask = 2147483647;
			files = (
				58B86C31257D456D0072782B /* CrypstockTests.swift in Sources */,
			);
			runOnlyForDeploymentPostprocessing = 0;
		};
		58B86C33257D456D0072782B /* Sources */ = {
			isa = PBXSourcesBuildPhase;
			buildActionMask = 2147483647;
			files = (
				58B86C3C257D456D0072782B /* CrypstockUITests.swift in Sources */,
			);
			runOnlyForDeploymentPostprocessing = 0;
		};
/* End PBXSourcesBuildPhase section */

/* Begin PBXTargetDependency section */
		58B86C2E257D456D0072782B /* PBXTargetDependency */ = {
			isa = PBXTargetDependency;
			target = 58B86C1A257D456A0072782B /* Crypstock */;
			targetProxy = 58B86C2D257D456D0072782B /* PBXContainerItemProxy */;
		};
		58B86C39257D456D0072782B /* PBXTargetDependency */ = {
			isa = PBXTargetDependency;
			target = 58B86C1A257D456A0072782B /* Crypstock */;
			targetProxy = 58B86C38257D456D0072782B /* PBXContainerItemProxy */;
		};
/* End PBXTargetDependency section */

/* Begin XCBuildConfiguration section */
		58B86C3E257D456D0072782B /* Debug */ = {
			isa = XCBuildConfiguration;
			buildSettings = {
				ALWAYS_SEARCH_USER_PATHS = NO;
				CLANG_ANALYZER_NONNULL = YES;
				CLANG_ANALYZER_NUMBER_OBJECT_CONVERSION = YES_AGGRESSIVE;
				CLANG_CXX_LANGUAGE_STANDARD = "gnu++14";
				CLANG_CXX_LIBRARY = "libc++";
				CLANG_ENABLE_MODULES = YES;
				CLANG_ENABLE_OBJC_ARC = YES;
				CLANG_ENABLE_OBJC_WEAK = YES;
				CLANG_WARN_BLOCK_CAPTURE_AUTORELEASING = YES;
				CLANG_WARN_BOOL_CONVERSION = YES;
				CLANG_WARN_COMMA = YES;
				CLANG_WARN_CONSTANT_CONVERSION = YES;
				CLANG_WARN_DEPRECATED_OBJC_IMPLEMENTATIONS = YES;
				CLANG_WARN_DIRECT_OBJC_ISA_USAGE = YES_ERROR;
				CLANG_WARN_DOCUMENTATION_COMMENTS = YES;
				CLANG_WARN_EMPTY_BODY = YES;
				CLANG_WARN_ENUM_CONVERSION = YES;
				CLANG_WARN_INFINITE_RECURSION = YES;
				CLANG_WARN_INT_CONVERSION = YES;
				CLANG_WARN_NON_LITERAL_NULL_CONVERSION = YES;
				CLANG_WARN_OBJC_IMPLICIT_RETAIN_SELF = YES;
				CLANG_WARN_OBJC_LITERAL_CONVERSION = YES;
				CLANG_WARN_OBJC_ROOT_CLASS = YES_ERROR;
				CLANG_WARN_QUOTED_INCLUDE_IN_FRAMEWORK_HEADER = YES;
				CLANG_WARN_RANGE_LOOP_ANALYSIS = YES;
				CLANG_WARN_STRICT_PROTOTYPES = YES;
				CLANG_WARN_SUSPICIOUS_MOVE = YES;
				CLANG_WARN_UNGUARDED_AVAILABILITY = YES_AGGRESSIVE;
				CLANG_WARN_UNREACHABLE_CODE = YES;
				CLANG_WARN__DUPLICATE_METHOD_MATCH = YES;
				COPY_PHASE_STRIP = NO;
				DEBUG_INFORMATION_FORMAT = dwarf;
				ENABLE_STRICT_OBJC_MSGSEND = YES;
				ENABLE_TESTABILITY = YES;
				GCC_C_LANGUAGE_STANDARD = gnu11;
				GCC_DYNAMIC_NO_PIC = NO;
				GCC_NO_COMMON_BLOCKS = YES;
				GCC_OPTIMIZATION_LEVEL = 0;
				GCC_PREPROCESSOR_DEFINITIONS = (
					"DEBUG=1",
					"$(inherited)",
				);
				GCC_WARN_64_TO_32_BIT_CONVERSION = YES;
				GCC_WARN_ABOUT_RETURN_TYPE = YES_ERROR;
				GCC_WARN_UNDECLARED_SELECTOR = YES;
				GCC_WARN_UNINITIALIZED_AUTOS = YES_AGGRESSIVE;
				GCC_WARN_UNUSED_FUNCTION = YES;
				GCC_WARN_UNUSED_VARIABLE = YES;
				IPHONEOS_DEPLOYMENT_TARGET = 14.2;
				MTL_ENABLE_DEBUG_INFO = INCLUDE_SOURCE;
				MTL_FAST_MATH = YES;
				ONLY_ACTIVE_ARCH = YES;
				SDKROOT = iphoneos;
				SWIFT_ACTIVE_COMPILATION_CONDITIONS = DEBUG;
				SWIFT_OPTIMIZATION_LEVEL = "-Onone";
			};
			name = Debug;
		};
		58B86C3F257D456D0072782B /* Release */ = {
			isa = XCBuildConfiguration;
			buildSettings = {
				ALWAYS_SEARCH_USER_PATHS = NO;
				CLANG_ANALYZER_NONNULL = YES;
				CLANG_ANALYZER_NUMBER_OBJECT_CONVERSION = YES_AGGRESSIVE;
				CLANG_CXX_LANGUAGE_STANDARD = "gnu++14";
				CLANG_CXX_LIBRARY = "libc++";
				CLANG_ENABLE_MODULES = YES;
				CLANG_ENABLE_OBJC_ARC = YES;
				CLANG_ENABLE_OBJC_WEAK = YES;
				CLANG_WARN_BLOCK_CAPTURE_AUTORELEASING = YES;
				CLANG_WARN_BOOL_CONVERSION = YES;
				CLANG_WARN_COMMA = YES;
				CLANG_WARN_CONSTANT_CONVERSION = YES;
				CLANG_WARN_DEPRECATED_OBJC_IMPLEMENTATIONS = YES;
				CLANG_WARN_DIRECT_OBJC_ISA_USAGE = YES_ERROR;
				CLANG_WARN_DOCUMENTATION_COMMENTS = YES;
				CLANG_WARN_EMPTY_BODY = YES;
				CLANG_WARN_ENUM_CONVERSION = YES;
				CLANG_WARN_INFINITE_RECURSION = YES;
				CLANG_WARN_INT_CONVERSION = YES;
				CLANG_WARN_NON_LITERAL_NULL_CONVERSION = YES;
				CLANG_WARN_OBJC_IMPLICIT_RETAIN_SELF = YES;
				CLANG_WARN_OBJC_LITERAL_CONVERSION = YES;
				CLANG_WARN_OBJC_ROOT_CLASS = YES_ERROR;
				CLANG_WARN_QUOTED_INCLUDE_IN_FRAMEWORK_HEADER = YES;
				CLANG_WARN_RANGE_LOOP_ANALYSIS = YES;
				CLANG_WARN_STRICT_PROTOTYPES = YES;
				CLANG_WARN_SUSPICIOUS_MOVE = YES;
				CLANG_WARN_UNGUARDED_AVAILABILITY = YES_AGGRESSIVE;
				CLANG_WARN_UNREACHABLE_CODE = YES;
				CLANG_WARN__DUPLICATE_METHOD_MATCH = YES;
				COPY_PHASE_STRIP = NO;
				DEBUG_INFORMATION_FORMAT = "dwarf-with-dsym";
				ENABLE_NS_ASSERTIONS = NO;
				ENABLE_STRICT_OBJC_MSGSEND = YES;
				GCC_C_LANGUAGE_STANDARD = gnu11;
				GCC_NO_COMMON_BLOCKS = YES;
				GCC_WARN_64_TO_32_BIT_CONVERSION = YES;
				GCC_WARN_ABOUT_RETURN_TYPE = YES_ERROR;
				GCC_WARN_UNDECLARED_SELECTOR = YES;
				GCC_WARN_UNINITIALIZED_AUTOS = YES_AGGRESSIVE;
				GCC_WARN_UNUSED_FUNCTION = YES;
				GCC_WARN_UNUSED_VARIABLE = YES;
				IPHONEOS_DEPLOYMENT_TARGET = 14.2;
				MTL_ENABLE_DEBUG_INFO = NO;
				MTL_FAST_MATH = YES;
				SDKROOT = iphoneos;
				SWIFT_COMPILATION_MODE = wholemodule;
				SWIFT_OPTIMIZATION_LEVEL = "-O";
				VALIDATE_PRODUCT = YES;
			};
			name = Release;
		};
		58B86C41257D456D0072782B /* Debug */ = {
			isa = XCBuildConfiguration;
			buildSettings = {
				ASSETCATALOG_COMPILER_APPICON_NAME = AppIcon;
				ASSETCATALOG_COMPILER_GLOBAL_ACCENT_COLOR_NAME = AccentColor;
				CODE_SIGN_STYLE = Automatic;
				DEVELOPMENT_ASSET_PATHS = "\"Crypstock/Preview Content\"";
				DEVELOPMENT_TEAM = UMGJT7SGCE;
				ENABLE_PREVIEWS = YES;
				INFOPLIST_FILE = Crypstock/Info.plist;
				IPHONEOS_DEPLOYMENT_TARGET = 14.0;
				LD_RUNPATH_SEARCH_PATHS = (
					"$(inherited)",
					"@executable_path/Frameworks",
				);
				PRODUCT_BUNDLE_IDENTIFIER = com.MME.Crypstock;
				PRODUCT_NAME = "$(TARGET_NAME)";
				SWIFT_VERSION = 5.0;
				TARGETED_DEVICE_FAMILY = "1,2";
			};
			name = Debug;
		};
		58B86C42257D456D0072782B /* Release */ = {
			isa = XCBuildConfiguration;
			buildSettings = {
				ASSETCATALOG_COMPILER_APPICON_NAME = AppIcon;
				ASSETCATALOG_COMPILER_GLOBAL_ACCENT_COLOR_NAME = AccentColor;
				CODE_SIGN_STYLE = Automatic;
				DEVELOPMENT_ASSET_PATHS = "\"Crypstock/Preview Content\"";
				DEVELOPMENT_TEAM = UMGJT7SGCE;
				ENABLE_PREVIEWS = YES;
				INFOPLIST_FILE = Crypstock/Info.plist;
				IPHONEOS_DEPLOYMENT_TARGET = 14.0;
				LD_RUNPATH_SEARCH_PATHS = (
					"$(inherited)",
					"@executable_path/Frameworks",
				);
				PRODUCT_BUNDLE_IDENTIFIER = com.MME.Crypstock;
				PRODUCT_NAME = "$(TARGET_NAME)";
				SWIFT_VERSION = 5.0;
				TARGETED_DEVICE_FAMILY = "1,2";
			};
			name = Release;
		};
		58B86C44257D456D0072782B /* Debug */ = {
			isa = XCBuildConfiguration;
			buildSettings = {
				ALWAYS_EMBED_SWIFT_STANDARD_LIBRARIES = YES;
				BUNDLE_LOADER = "$(TEST_HOST)";
				CODE_SIGN_STYLE = Automatic;
				INFOPLIST_FILE = CrypstockTests/Info.plist;
				IPHONEOS_DEPLOYMENT_TARGET = 14.0;
				LD_RUNPATH_SEARCH_PATHS = (
					"$(inherited)",
					"@executable_path/Frameworks",
					"@loader_path/Frameworks",
				);
				PRODUCT_BUNDLE_IDENTIFIER = com.MME.CrypstockTests;
				PRODUCT_NAME = "$(TARGET_NAME)";
				SWIFT_VERSION = 5.0;
				TARGETED_DEVICE_FAMILY = "1,2";
				TEST_HOST = "$(BUILT_PRODUCTS_DIR)/Crypstock.app/Crypstock";
			};
			name = Debug;
		};
		58B86C45257D456D0072782B /* Release */ = {
			isa = XCBuildConfiguration;
			buildSettings = {
				ALWAYS_EMBED_SWIFT_STANDARD_LIBRARIES = YES;
				BUNDLE_LOADER = "$(TEST_HOST)";
				CODE_SIGN_STYLE = Automatic;
				INFOPLIST_FILE = CrypstockTests/Info.plist;
				IPHONEOS_DEPLOYMENT_TARGET = 14.0;
				LD_RUNPATH_SEARCH_PATHS = (
					"$(inherited)",
					"@executable_path/Frameworks",
					"@loader_path/Frameworks",
				);
				PRODUCT_BUNDLE_IDENTIFIER = com.MME.CrypstockTests;
				PRODUCT_NAME = "$(TARGET_NAME)";
				SWIFT_VERSION = 5.0;
				TARGETED_DEVICE_FAMILY = "1,2";
				TEST_HOST = "$(BUILT_PRODUCTS_DIR)/Crypstock.app/Crypstock";
			};
			name = Release;
		};
		58B86C47257D456D0072782B /* Debug */ = {
			isa = XCBuildConfiguration;
			buildSettings = {
				ALWAYS_EMBED_SWIFT_STANDARD_LIBRARIES = YES;
				CODE_SIGN_STYLE = Automatic;
				INFOPLIST_FILE = CrypstockUITests/Info.plist;
				LD_RUNPATH_SEARCH_PATHS = (
					"$(inherited)",
					"@executable_path/Frameworks",
					"@loader_path/Frameworks",
				);
				PRODUCT_BUNDLE_IDENTIFIER = com.MME.CrypstockUITests;
				PRODUCT_NAME = "$(TARGET_NAME)";
				SWIFT_VERSION = 5.0;
				TARGETED_DEVICE_FAMILY = "1,2";
				TEST_TARGET_NAME = Crypstock;
			};
			name = Debug;
		};
		58B86C48257D456D0072782B /* Release */ = {
			isa = XCBuildConfiguration;
			buildSettings = {
				ALWAYS_EMBED_SWIFT_STANDARD_LIBRARIES = YES;
				CODE_SIGN_STYLE = Automatic;
				INFOPLIST_FILE = CrypstockUITests/Info.plist;
				LD_RUNPATH_SEARCH_PATHS = (
					"$(inherited)",
					"@executable_path/Frameworks",
					"@loader_path/Frameworks",
				);
				PRODUCT_BUNDLE_IDENTIFIER = com.MME.CrypstockUITests;
				PRODUCT_NAME = "$(TARGET_NAME)";
				SWIFT_VERSION = 5.0;
				TARGETED_DEVICE_FAMILY = "1,2";
				TEST_TARGET_NAME = Crypstock;
			};
			name = Release;
		};
/* End XCBuildConfiguration section */

/* Begin XCConfigurationList section */
		58B86C16257D45690072782B /* Build configuration list for PBXProject "Crypstock" */ = {
			isa = XCConfigurationList;
			buildConfigurations = (
				58B86C3E257D456D0072782B /* Debug */,
				58B86C3F257D456D0072782B /* Release */,
			);
			defaultConfigurationIsVisible = 0;
			defaultConfigurationName = Release;
		};
		58B86C40257D456D0072782B /* Build configuration list for PBXNativeTarget "Crypstock" */ = {
			isa = XCConfigurationList;
			buildConfigurations = (
				58B86C41257D456D0072782B /* Debug */,
				58B86C42257D456D0072782B /* Release */,
			);
			defaultConfigurationIsVisible = 0;
			defaultConfigurationName = Release;
		};
		58B86C43257D456D0072782B /* Build configuration list for PBXNativeTarget "CrypstockTests" */ = {
			isa = XCConfigurationList;
			buildConfigurations = (
				58B86C44257D456D0072782B /* Debug */,
				58B86C45257D456D0072782B /* Release */,
			);
			defaultConfigurationIsVisible = 0;
			defaultConfigurationName = Release;
		};
		58B86C46257D456D0072782B /* Build configuration list for PBXNativeTarget "CrypstockUITests" */ = {
			isa = XCConfigurationList;
			buildConfigurations = (
				58B86C47257D456D0072782B /* Debug */,
				58B86C48257D456D0072782B /* Release */,
			);
			defaultConfigurationIsVisible = 0;
			defaultConfigurationName = Release;
		};
/* End XCConfigurationList section */

/* Begin XCRemoteSwiftPackageReference section */
		589B0CA425950404002C8BA0 /* XCRemoteSwiftPackageReference "SQLite.swift" */ = {
			isa = XCRemoteSwiftPackageReference;
			repositoryURL = "https://github.com/stephencelis/SQLite.swift.git";
			requirement = {
				kind = upToNextMajorVersion;
				minimumVersion = 0.12.2;
			};
		};
/* End XCRemoteSwiftPackageReference section */

/* Begin XCSwiftPackageProductDependency section */
		589B0CA525950404002C8BA0 /* SQLite */ = {
			isa = XCSwiftPackageProductDependency;
			package = 589B0CA425950404002C8BA0 /* XCRemoteSwiftPackageReference "SQLite.swift" */;
			productName = SQLite;
		};
/* End XCSwiftPackageProductDependency section */
	};
	rootObject = 58B86C13257D45690072782B /* Project object */;
}
